
Microsoft Visual Studio Solution File, Format Version 12.00
# Visual Studio Version 16
VisualStudioVersion = 16.0.31911.196
MinimumVisualStudioVersion = 10.0.40219.1
Project("{FAE04EC0-301F-11D3-BF4B-00C04F79EFBC}") = "Altkom.Shopper.WebApi", "Altkom.Shopper.WebApi\Altkom.Shopper.WebApi.csproj", "{F7F8DFF0-F9BD-457B-A8A1-E0A2EBB297C2}"
EndProject
Global
	GlobalSection(SolutionConfigurationPlatforms) = preSolution
		Debug|Any CPU = Debug|Any CPU
		Release|Any CPU = Release|Any CPU
	EndGlobalSection
	GlobalSection(ProjectConfigurationPlatforms) = postSolution
		{F7F8DFF0-F9BD-457B-A8A1-E0A2EBB297C2}.Debug|Any CPU.ActiveCfg = Debug|Any CPU
		{F7F8DFF0-F9BD-457B-A8A1-E0A2EBB297C2}.Debug|Any CPU.Build.0 = Debug|Any CPU
		{F7F8DFF0-F9BD-457B-A8A1-E0A2EBB297C2}.Release|Any CPU.ActiveCfg = Release|Any CPU
		{F7F8DFF0-F9BD-457B-A8A1-E0A2EBB297C2}.Release|Any CPU.Build.0 = Release|Any CPU
	EndGlobalSection
	GlobalSection(SolutionProperties) = preSolution
		HideSolutionNode = FALSE
	EndGlobalSection
	GlobalSection(ExtensibilityGlobals) = postSolution
		SolutionGuid = {CF925E2B-960E-42FC-95DF-6C0A6EBEE648}
	EndGlobalSection
EndGlobal
