
Microsoft Visual Studio Solution File, Format Version 12.00
# Visual Studio Version 16
VisualStudioVersion = 16.0.31911.196
MinimumVisualStudioVersion = 10.0.40219.1
Project("{9A19103F-16F7-4668-BE54-9A1E7A4F7556}") = "Altkom.Shopper.WebApi", "Altkom.Shopper.WebApi\Altkom.Shopper.WebApi.csproj", "{F7F8DFF0-F9BD-457B-A8A1-E0A2EBB297C2}"
EndProject
Project("{9A19103F-16F7-4668-BE54-9A1E7A4F7556}") = "Altkom.Shopper.Models", "Altkom.Shopper.Models\Altkom.Shopper.Models.csproj", "{DB352CEA-C31A-4285-BD5E-CE11D426CDCA}"
EndProject
Project("{9A19103F-16F7-4668-BE54-9A1E7A4F7556}") = "Altkom.Shopper.IRepositories", "Altkom.Shopper.IRepositories\Altkom.Shopper.IRepositories.csproj", "{73A545BA-3CAA-415B-AF59-73D9EF23FEFA}"
EndProject
Project("{9A19103F-16F7-4668-BE54-9A1E7A4F7556}") = "Altkom.Shopper.DbRepositories", "Altkom.Shopper.DbRepositories\Altkom.Shopper.DbRepositories.csproj", "{C3722AD5-C522-4C13-93D5-549BC434D3D1}"
EndProject
Project("{9A19103F-16F7-4668-BE54-9A1E7A4F7556}") = "Altkom.Shopper.FakeRepositories", "Altkom.Shopper.FakeRepositories\Altkom.Shopper.FakeRepositories.csproj", "{DBECF981-8799-4929-83E0-8C55C9376F8F}"
EndProject
Project("{9A19103F-16F7-4668-BE54-9A1E7A4F7556}") = "Altkom.Shopper.Fakers", "Altkom.Shopper.Fakers\Altkom.Shopper.Fakers.csproj", "{6E2D57E9-809C-42D9-AC2F-AB32509AC095}"
EndProject
Project("{FAE04EC0-301F-11D3-BF4B-00C04F79EFBC}") = "Altkom.Shopper.Api", "Altkom.Shopper.Api\Altkom.Shopper.Api.csproj", "{D195A61E-AD1F-4184-B18A-2AC88435D742}"
EndProject
Project("{FAE04EC0-301F-11D3-BF4B-00C04F79EFBC}") = "Altkom.Shopper.SenderSignalRClient", "Altkom.Shopper.SenderSignalRClient\Altkom.Shopper.SenderSignalRClient.csproj", "{85343A44-AAF6-46E2-BC19-DDFF0ADEFDC5}"
EndProject
Project("{FAE04EC0-301F-11D3-BF4B-00C04F79EFBC}") = "Altkom.Shopper.ReceiverSignalRClient", "Altkom.Shopper.ReceiverSignalRClient\Altkom.Shopper.ReceiverSignalRClient.csproj", "{E6ED0ACC-3F41-40BE-AB88-FA4B9A7264DC}"
EndProject
Project("{FAE04EC0-301F-11D3-BF4B-00C04F79EFBC}") = "Altkom.Shopper.Tracking.Api", "Altkom.Shopper.Tracking.Api\Altkom.Shopper.Tracking.Api.csproj", "{E2F2C655-8FDE-4E8E-934B-01CF2B01E3E6}"
EndProject
Project("{FAE04EC0-301F-11D3-BF4B-00C04F79EFBC}") = "Altkom.Shopper.Tracking.SendergRPCClient", "Altkom.Shopper.Tracking.SendergRPCClient\Altkom.Shopper.Tracking.SendergRPCClient.csproj", "{6FCA66F6-B44C-4195-9968-EF9BAAD55DE1}"
EndProject
Project("{FAE04EC0-301F-11D3-BF4B-00C04F79EFBC}") = "Altkom.Shopper.Tracking.ReceivergRPCClient", "Altkom.Shopper.Tracking.ReceivergRPCClient\Altkom.Shopper.Tracking.ReceivergRPCClient.csproj", "{641A565E-6F7E-4A34-A416-D93DAE46AFD1}"
EndProject
Global
	GlobalSection(SolutionConfigurationPlatforms) = preSolution
		Debug|Any CPU = Debug|Any CPU
		Release|Any CPU = Release|Any CPU
	EndGlobalSection
	GlobalSection(ProjectConfigurationPlatforms) = postSolution
		{F7F8DFF0-F9BD-457B-A8A1-E0A2EBB297C2}.Debug|Any CPU.ActiveCfg = Debug|Any CPU
		{F7F8DFF0-F9BD-457B-A8A1-E0A2EBB297C2}.Debug|Any CPU.Build.0 = Debug|Any CPU
		{F7F8DFF0-F9BD-457B-A8A1-E0A2EBB297C2}.Release|Any CPU.ActiveCfg = Release|Any CPU
		{F7F8DFF0-F9BD-457B-A8A1-E0A2EBB297C2}.Release|Any CPU.Build.0 = Release|Any CPU
		{DB352CEA-C31A-4285-BD5E-CE11D426CDCA}.Debug|Any CPU.ActiveCfg = Debug|Any CPU
		{DB352CEA-C31A-4285-BD5E-CE11D426CDCA}.Debug|Any CPU.Build.0 = Debug|Any CPU
		{DB352CEA-C31A-4285-BD5E-CE11D426CDCA}.Release|Any CPU.ActiveCfg = Release|Any CPU
		{DB352CEA-C31A-4285-BD5E-CE11D426CDCA}.Release|Any CPU.Build.0 = Release|Any CPU
		{73A545BA-3CAA-415B-AF59-73D9EF23FEFA}.Debug|Any CPU.ActiveCfg = Debug|Any CPU
		{73A545BA-3CAA-415B-AF59-73D9EF23FEFA}.Debug|Any CPU.Build.0 = Debug|Any CPU
		{73A545BA-3CAA-415B-AF59-73D9EF23FEFA}.Release|Any CPU.ActiveCfg = Release|Any CPU
		{73A545BA-3CAA-415B-AF59-73D9EF23FEFA}.Release|Any CPU.Build.0 = Release|Any CPU
		{C3722AD5-C522-4C13-93D5-549BC434D3D1}.Debug|Any CPU.ActiveCfg = Debug|Any CPU
		{C3722AD5-C522-4C13-93D5-549BC434D3D1}.Debug|Any CPU.Build.0 = Debug|Any CPU
		{C3722AD5-C522-4C13-93D5-549BC434D3D1}.Release|Any CPU.ActiveCfg = Release|Any CPU
		{C3722AD5-C522-4C13-93D5-549BC434D3D1}.Release|Any CPU.Build.0 = Release|Any CPU
		{DBECF981-8799-4929-83E0-8C55C9376F8F}.Debug|Any CPU.ActiveCfg = Debug|Any CPU
		{DBECF981-8799-4929-83E0-8C55C9376F8F}.Debug|Any CPU.Build.0 = Debug|Any CPU
		{DBECF981-8799-4929-83E0-8C55C9376F8F}.Release|Any CPU.ActiveCfg = Release|Any CPU
		{DBECF981-8799-4929-83E0-8C55C9376F8F}.Release|Any CPU.Build.0 = Release|Any CPU
		{6E2D57E9-809C-42D9-AC2F-AB32509AC095}.Debug|Any CPU.ActiveCfg = Debug|Any CPU
		{6E2D57E9-809C-42D9-AC2F-AB32509AC095}.Debug|Any CPU.Build.0 = Debug|Any CPU
		{6E2D57E9-809C-42D9-AC2F-AB32509AC095}.Release|Any CPU.ActiveCfg = Release|Any CPU
		{6E2D57E9-809C-42D9-AC2F-AB32509AC095}.Release|Any CPU.Build.0 = Release|Any CPU
		{D195A61E-AD1F-4184-B18A-2AC88435D742}.Debug|Any CPU.ActiveCfg = Debug|Any CPU
		{D195A61E-AD1F-4184-B18A-2AC88435D742}.Debug|Any CPU.Build.0 = Debug|Any CPU
		{D195A61E-AD1F-4184-B18A-2AC88435D742}.Release|Any CPU.ActiveCfg = Release|Any CPU
		{D195A61E-AD1F-4184-B18A-2AC88435D742}.Release|Any CPU.Build.0 = Release|Any CPU
		{85343A44-AAF6-46E2-BC19-DDFF0ADEFDC5}.Debug|Any CPU.ActiveCfg = Debug|Any CPU
		{85343A44-AAF6-46E2-BC19-DDFF0ADEFDC5}.Debug|Any CPU.Build.0 = Debug|Any CPU
		{85343A44-AAF6-46E2-BC19-DDFF0ADEFDC5}.Release|Any CPU.ActiveCfg = Release|Any CPU
		{85343A44-AAF6-46E2-BC19-DDFF0ADEFDC5}.Release|Any CPU.Build.0 = Release|Any CPU
		{E6ED0ACC-3F41-40BE-AB88-FA4B9A7264DC}.Debug|Any CPU.ActiveCfg = Debug|Any CPU
		{E6ED0ACC-3F41-40BE-AB88-FA4B9A7264DC}.Debug|Any CPU.Build.0 = Debug|Any CPU
		{E6ED0ACC-3F41-40BE-AB88-FA4B9A7264DC}.Release|Any CPU.ActiveCfg = Release|Any CPU
		{E6ED0ACC-3F41-40BE-AB88-FA4B9A7264DC}.Release|Any CPU.Build.0 = Release|Any CPU
		{E2F2C655-8FDE-4E8E-934B-01CF2B01E3E6}.Debug|Any CPU.ActiveCfg = Debug|Any CPU
		{E2F2C655-8FDE-4E8E-934B-01CF2B01E3E6}.Debug|Any CPU.Build.0 = Debug|Any CPU
		{E2F2C655-8FDE-4E8E-934B-01CF2B01E3E6}.Release|Any CPU.ActiveCfg = Release|Any CPU
		{E2F2C655-8FDE-4E8E-934B-01CF2B01E3E6}.Release|Any CPU.Build.0 = Release|Any CPU
		{6FCA66F6-B44C-4195-9968-EF9BAAD55DE1}.Debug|Any CPU.ActiveCfg = Debug|Any CPU
		{6FCA66F6-B44C-4195-9968-EF9BAAD55DE1}.Debug|Any CPU.Build.0 = Debug|Any CPU
		{6FCA66F6-B44C-4195-9968-EF9BAAD55DE1}.Release|Any CPU.ActiveCfg = Release|Any CPU
		{6FCA66F6-B44C-4195-9968-EF9BAAD55DE1}.Release|Any CPU.Build.0 = Release|Any CPU
		{641A565E-6F7E-4A34-A416-D93DAE46AFD1}.Debug|Any CPU.ActiveCfg = Debug|Any CPU
		{641A565E-6F7E-4A34-A416-D93DAE46AFD1}.Debug|Any CPU.Build.0 = Debug|Any CPU
		{641A565E-6F7E-4A34-A416-D93DAE46AFD1}.Release|Any CPU.ActiveCfg = Release|Any CPU
		{641A565E-6F7E-4A34-A416-D93DAE46AFD1}.Release|Any CPU.Build.0 = Release|Any CPU
	EndGlobalSection
	GlobalSection(SolutionProperties) = preSolution
		HideSolutionNode = FALSE
	EndGlobalSection
	GlobalSection(ExtensibilityGlobals) = postSolution
		SolutionGuid = {CF925E2B-960E-42FC-95DF-6C0A6EBEE648}
	EndGlobalSection
EndGlobal
